// !$*UTF8*$!
{
	archiveVersion = 1;
	classes = {
	};
	objectVersion = 46;
	objects = {

/* Begin PBXBuildFile section */
		10363847498A49A1832F8413 /* libPods.a in Frameworks */ = {isa = PBXBuildFile; fileRef = AD24250D0157462BA815E99C /* libPods.a */; };
		C32960F718BFF80400091254 /* SCNavigationController.m in Sources */ = {isa = PBXBuildFile; fileRef = C32960F618BFF80400091254 /* SCNavigationController.m */; };
		C32960FA18BFF97200091254 /* SCContactInfoViewController.m in Sources */ = {isa = PBXBuildFile; fileRef = C32960F918BFF97200091254 /* SCContactInfoViewController.m */; };
		C383E31C18B6C1AE001EECDF /* SCPersonCell.m in Sources */ = {isa = PBXBuildFile; fileRef = C383E31B18B6C1AE001EECDF /* SCPersonCell.m */; };
		C394CFBB18D265FF007E4CC5 /* UIImage+Resize.m in Sources */ = {isa = PBXBuildFile; fileRef = C394CFBA18D265FF007E4CC5 /* UIImage+Resize.m */; };
		C3AE39F618E3511D00E9AC5F /* libz.dylib in Frameworks */ = {isa = PBXBuildFile; fileRef = C3AE39F518E3511D00E9AC5F /* libz.dylib */; };
		C3AE39F918E3522000E9AC5F /* Crashlytics.framework in Frameworks */ = {isa = PBXBuildFile; fileRef = C3AE39F818E3522000E9AC5F /* Crashlytics.framework */; };
		C3AE39FB18E35B4000E9AC5F /* MessageUI.framework in Frameworks */ = {isa = PBXBuildFile; fileRef = C3AE39FA18E35B4000E9AC5F /* MessageUI.framework */; };
		C3B8D59B18AADCCC00DE4B0A /* Foundation.framework in Frameworks */ = {isa = PBXBuildFile; fileRef = C3B8D59A18AADCCC00DE4B0A /* Foundation.framework */; };
		C3B8D59D18AADCCC00DE4B0A /* CoreGraphics.framework in Frameworks */ = {isa = PBXBuildFile; fileRef = C3B8D59C18AADCCC00DE4B0A /* CoreGraphics.framework */; };
		C3B8D59F18AADCCC00DE4B0A /* UIKit.framework in Frameworks */ = {isa = PBXBuildFile; fileRef = C3B8D59E18AADCCC00DE4B0A /* UIKit.framework */; };
		C3B8D5A518AADCCC00DE4B0A /* InfoPlist.strings in Resources */ = {isa = PBXBuildFile; fileRef = C3B8D5A318AADCCC00DE4B0A /* InfoPlist.strings */; };
		C3B8D5A718AADCCC00DE4B0A /* main.m in Sources */ = {isa = PBXBuildFile; fileRef = C3B8D5A618AADCCC00DE4B0A /* main.m */; };
		C3B8D5AB18AADCCC00DE4B0A /* SCAppDelegate.m in Sources */ = {isa = PBXBuildFile; fileRef = C3B8D5AA18AADCCC00DE4B0A /* SCAppDelegate.m */; };
		C3B8D5AE18AADCCC00DE4B0A /* Main.storyboard in Resources */ = {isa = PBXBuildFile; fileRef = C3B8D5AC18AADCCC00DE4B0A /* Main.storyboard */; };
		C3B8D5B318AADCCC00DE4B0A /* Images.xcassets in Resources */ = {isa = PBXBuildFile; fileRef = C3B8D5B218AADCCC00DE4B0A /* Images.xcassets */; };
		C3B8D5BA18AADCCC00DE4B0A /* XCTest.framework in Frameworks */ = {isa = PBXBuildFile; fileRef = C3B8D5B918AADCCC00DE4B0A /* XCTest.framework */; };
		C3B8D5BB18AADCCC00DE4B0A /* Foundation.framework in Frameworks */ = {isa = PBXBuildFile; fileRef = C3B8D59A18AADCCC00DE4B0A /* Foundation.framework */; };
		C3B8D5BC18AADCCC00DE4B0A /* UIKit.framework in Frameworks */ = {isa = PBXBuildFile; fileRef = C3B8D59E18AADCCC00DE4B0A /* UIKit.framework */; };
		C3B8D5C418AADCCC00DE4B0A /* InfoPlist.strings in Resources */ = {isa = PBXBuildFile; fileRef = C3B8D5C218AADCCC00DE4B0A /* InfoPlist.strings */; };
		C3B8D5C618AADCCC00DE4B0A /* social_cardTests.m in Sources */ = {isa = PBXBuildFile; fileRef = C3B8D5C518AADCCC00DE4B0A /* social_cardTests.m */; };
		C3B8D5D218AADE0F00DE4B0A /* SCTransfer.m in Sources */ = {isa = PBXBuildFile; fileRef = C3B8D5D118AADE0F00DE4B0A /* SCTransfer.m */; };
		C3B8D5D418AAE2A300DE4B0A /* CoreBluetooth.framework in Frameworks */ = {isa = PBXBuildFile; fileRef = C3B8D5D318AAE2A300DE4B0A /* CoreBluetooth.framework */; };
		C3BE13A018B41B5300206924 /* SCFindPeopleViewController.m in Sources */ = {isa = PBXBuildFile; fileRef = C3BE139F18B41B5300206924 /* SCFindPeopleViewController.m */; };
		C3ED0FDC18C92C490014D420 /* OFL.txt in Resources */ = {isa = PBXBuildFile; fileRef = C3ED0FD918C92C490014D420 /* OFL.txt */; };
		C3ED0FDD18C92C490014D420 /* Play-Bold.ttf in Resources */ = {isa = PBXBuildFile; fileRef = C3ED0FDA18C92C490014D420 /* Play-Bold.ttf */; };
		C3ED0FDE18C92C490014D420 /* Play-Regular.ttf in Resources */ = {isa = PBXBuildFile; fileRef = C3ED0FDB18C92C490014D420 /* Play-Regular.ttf */; };
		C3ED0FE418C9331D0014D420 /* UIColor+SCColor.m in Sources */ = {isa = PBXBuildFile; fileRef = C3ED0FE318C9331D0014D420 /* UIColor+SCColor.m */; };
/* End PBXBuildFile section */

/* Begin PBXContainerItemProxy section */
		C3B8D5BD18AADCCC00DE4B0A /* PBXContainerItemProxy */ = {
			isa = PBXContainerItemProxy;
			containerPortal = C3B8D58F18AADCCC00DE4B0A /* Project object */;
			proxyType = 1;
			remoteGlobalIDString = C3B8D59618AADCCC00DE4B0A;
			remoteInfo = "social-card";
		};
/* End PBXContainerItemProxy section */

/* Begin PBXFileReference section */
		AD24250D0157462BA815E99C /* libPods.a */ = {isa = PBXFileReference; explicitFileType = archive.ar; includeInIndex = 0; path = libPods.a; sourceTree = BUILT_PRODUCTS_DIR; };
		BEA7A124E3D84725B5AFA8C3 /* Pods.xcconfig */ = {isa = PBXFileReference; includeInIndex = 1; lastKnownFileType = text.xcconfig; name = Pods.xcconfig; path = Pods/Pods.xcconfig; sourceTree = "<group>"; };
		C32960F518BFF80400091254 /* SCNavigationController.h */ = {isa = PBXFileReference; fileEncoding = 4; lastKnownFileType = sourcecode.c.h; path = SCNavigationController.h; sourceTree = "<group>"; };
		C32960F618BFF80400091254 /* SCNavigationController.m */ = {isa = PBXFileReference; fileEncoding = 4; lastKnownFileType = sourcecode.c.objc; path = SCNavigationController.m; sourceTree = "<group>"; };
		C32960F818BFF97200091254 /* SCContactInfoViewController.h */ = {isa = PBXFileReference; fileEncoding = 4; lastKnownFileType = sourcecode.c.h; path = SCContactInfoViewController.h; sourceTree = "<group>"; };
		C32960F918BFF97200091254 /* SCContactInfoViewController.m */ = {isa = PBXFileReference; fileEncoding = 4; lastKnownFileType = sourcecode.c.objc; path = SCContactInfoViewController.m; sourceTree = "<group>"; };
		C383E31A18B6C1AE001EECDF /* SCPersonCell.h */ = {isa = PBXFileReference; fileEncoding = 4; lastKnownFileType = sourcecode.c.h; path = SCPersonCell.h; sourceTree = "<group>"; };
		C383E31B18B6C1AE001EECDF /* SCPersonCell.m */ = {isa = PBXFileReference; fileEncoding = 4; lastKnownFileType = sourcecode.c.objc; path = SCPersonCell.m; sourceTree = "<group>"; };
		C394CFB918D265FF007E4CC5 /* UIImage+Resize.h */ = {isa = PBXFileReference; fileEncoding = 4; lastKnownFileType = sourcecode.c.h; path = "UIImage+Resize.h"; sourceTree = "<group>"; };
		C394CFBA18D265FF007E4CC5 /* UIImage+Resize.m */ = {isa = PBXFileReference; fileEncoding = 4; lastKnownFileType = sourcecode.c.objc; path = "UIImage+Resize.m"; sourceTree = "<group>"; };
		C3AE39F518E3511D00E9AC5F /* libz.dylib */ = {isa = PBXFileReference; lastKnownFileType = "compiled.mach-o.dylib"; name = libz.dylib; path = usr/lib/libz.dylib; sourceTree = SDKROOT; };
		C3AE39F818E3522000E9AC5F /* Crashlytics.framework */ = {isa = PBXFileReference; lastKnownFileType = wrapper.framework; path = Crashlytics.framework; sourceTree = "<group>"; };
		C3AE39FA18E35B4000E9AC5F /* MessageUI.framework */ = {isa = PBXFileReference; lastKnownFileType = wrapper.framework; name = MessageUI.framework; path = System/Library/Frameworks/MessageUI.framework; sourceTree = SDKROOT; };
		C3B8D59718AADCCC00DE4B0A /* social-card.app */ = {isa = PBXFileReference; explicitFileType = wrapper.application; includeInIndex = 0; path = "social-card.app"; sourceTree = BUILT_PRODUCTS_DIR; };
		C3B8D59A18AADCCC00DE4B0A /* Foundation.framework */ = {isa = PBXFileReference; lastKnownFileType = wrapper.framework; name = Foundation.framework; path = System/Library/Frameworks/Foundation.framework; sourceTree = SDKROOT; };
		C3B8D59C18AADCCC00DE4B0A /* CoreGraphics.framework */ = {isa = PBXFileReference; lastKnownFileType = wrapper.framework; name = CoreGraphics.framework; path = System/Library/Frameworks/CoreGraphics.framework; sourceTree = SDKROOT; };
		C3B8D59E18AADCCC00DE4B0A /* UIKit.framework */ = {isa = PBXFileReference; lastKnownFileType = wrapper.framework; name = UIKit.framework; path = System/Library/Frameworks/UIKit.framework; sourceTree = SDKROOT; };
		C3B8D5A218AADCCC00DE4B0A /* social-card-Info.plist */ = {isa = PBXFileReference; lastKnownFileType = text.plist.xml; path = "social-card-Info.plist"; sourceTree = "<group>"; };
		C3B8D5A418AADCCC00DE4B0A /* en */ = {isa = PBXFileReference; lastKnownFileType = text.plist.strings; name = en; path = en.lproj/InfoPlist.strings; sourceTree = "<group>"; };
		C3B8D5A618AADCCC00DE4B0A /* main.m */ = {isa = PBXFileReference; lastKnownFileType = sourcecode.c.objc; path = main.m; sourceTree = "<group>"; };
		C3B8D5A818AADCCC00DE4B0A /* social-card-Prefix.pch */ = {isa = PBXFileReference; lastKnownFileType = sourcecode.c.h; path = "social-card-Prefix.pch"; sourceTree = "<group>"; };
		C3B8D5A918AADCCC00DE4B0A /* SCAppDelegate.h */ = {isa = PBXFileReference; lastKnownFileType = sourcecode.c.h; path = SCAppDelegate.h; sourceTree = "<group>"; };
		C3B8D5AA18AADCCC00DE4B0A /* SCAppDelegate.m */ = {isa = PBXFileReference; lastKnownFileType = sourcecode.c.objc; path = SCAppDelegate.m; sourceTree = "<group>"; };
		C3B8D5AD18AADCCC00DE4B0A /* Base */ = {isa = PBXFileReference; lastKnownFileType = file.storyboard; name = Base; path = Base.lproj/Main.storyboard; sourceTree = "<group>"; };
		C3B8D5B218AADCCC00DE4B0A /* Images.xcassets */ = {isa = PBXFileReference; lastKnownFileType = folder.assetcatalog; path = Images.xcassets; sourceTree = "<group>"; };
		C3B8D5B818AADCCC00DE4B0A /* social-cardTests.xctest */ = {isa = PBXFileReference; explicitFileType = wrapper.cfbundle; includeInIndex = 0; path = "social-cardTests.xctest"; sourceTree = BUILT_PRODUCTS_DIR; };
		C3B8D5B918AADCCC00DE4B0A /* XCTest.framework */ = {isa = PBXFileReference; lastKnownFileType = wrapper.framework; name = XCTest.framework; path = Library/Frameworks/XCTest.framework; sourceTree = DEVELOPER_DIR; };
		C3B8D5C118AADCCC00DE4B0A /* social-cardTests-Info.plist */ = {isa = PBXFileReference; lastKnownFileType = text.plist.xml; path = "social-cardTests-Info.plist"; sourceTree = "<group>"; };
		C3B8D5C318AADCCC00DE4B0A /* en */ = {isa = PBXFileReference; lastKnownFileType = text.plist.strings; name = en; path = en.lproj/InfoPlist.strings; sourceTree = "<group>"; };
		C3B8D5C518AADCCC00DE4B0A /* social_cardTests.m */ = {isa = PBXFileReference; lastKnownFileType = sourcecode.c.objc; path = social_cardTests.m; sourceTree = "<group>"; };
		C3B8D5D018AADE0F00DE4B0A /* SCTransfer.h */ = {isa = PBXFileReference; fileEncoding = 4; lastKnownFileType = sourcecode.c.h; path = SCTransfer.h; sourceTree = "<group>"; };
		C3B8D5D118AADE0F00DE4B0A /* SCTransfer.m */ = {isa = PBXFileReference; fileEncoding = 4; lastKnownFileType = sourcecode.c.objc; path = SCTransfer.m; sourceTree = "<group>"; };
		C3B8D5D318AAE2A300DE4B0A /* CoreBluetooth.framework */ = {isa = PBXFileReference; lastKnownFileType = wrapper.framework; name = CoreBluetooth.framework; path = System/Library/Frameworks/CoreBluetooth.framework; sourceTree = SDKROOT; };
		C3BE139E18B41B5300206924 /* SCFindPeopleViewController.h */ = {isa = PBXFileReference; fileEncoding = 4; lastKnownFileType = sourcecode.c.h; path = SCFindPeopleViewController.h; sourceTree = "<group>"; };
		C3BE139F18B41B5300206924 /* SCFindPeopleViewController.m */ = {isa = PBXFileReference; fileEncoding = 4; lastKnownFileType = sourcecode.c.objc; path = SCFindPeopleViewController.m; sourceTree = "<group>"; };
		C3ED0FD918C92C490014D420 /* OFL.txt */ = {isa = PBXFileReference; fileEncoding = 4; lastKnownFileType = text; path = OFL.txt; sourceTree = "<group>"; };
		C3ED0FDA18C92C490014D420 /* Play-Bold.ttf */ = {isa = PBXFileReference; lastKnownFileType = file; path = "Play-Bold.ttf"; sourceTree = "<group>"; };
		C3ED0FDB18C92C490014D420 /* Play-Regular.ttf */ = {isa = PBXFileReference; lastKnownFileType = file; path = "Play-Regular.ttf"; sourceTree = "<group>"; };
		C3ED0FE218C9331D0014D420 /* UIColor+SCColor.h */ = {isa = PBXFileReference; fileEncoding = 4; lastKnownFileType = sourcecode.c.h; path = "UIColor+SCColor.h"; sourceTree = "<group>"; };
		C3ED0FE318C9331D0014D420 /* UIColor+SCColor.m */ = {isa = PBXFileReference; fileEncoding = 4; lastKnownFileType = sourcecode.c.objc; path = "UIColor+SCColor.m"; sourceTree = "<group>"; };
/* End PBXFileReference section */

/* Begin PBXFrameworksBuildPhase section */
		C3B8D59418AADCCC00DE4B0A /* Frameworks */ = {
			isa = PBXFrameworksBuildPhase;
			buildActionMask = 2147483647;
			files = (
				C3AE39FB18E35B4000E9AC5F /* MessageUI.framework in Frameworks */,
				C3AE39F618E3511D00E9AC5F /* libz.dylib in Frameworks */,
				C3B8D5D418AAE2A300DE4B0A /* CoreBluetooth.framework in Frameworks */,
				C3AE39F918E3522000E9AC5F /* Crashlytics.framework in Frameworks */,
				C3B8D59D18AADCCC00DE4B0A /* CoreGraphics.framework in Frameworks */,
				C3B8D59F18AADCCC00DE4B0A /* UIKit.framework in Frameworks */,
				C3B8D59B18AADCCC00DE4B0A /* Foundation.framework in Frameworks */,
				10363847498A49A1832F8413 /* libPods.a in Frameworks */,
			);
			runOnlyForDeploymentPostprocessing = 0;
		};
		C3B8D5B518AADCCC00DE4B0A /* Frameworks */ = {
			isa = PBXFrameworksBuildPhase;
			buildActionMask = 2147483647;
			files = (
				C3B8D5BA18AADCCC00DE4B0A /* XCTest.framework in Frameworks */,
				C3B8D5BC18AADCCC00DE4B0A /* UIKit.framework in Frameworks */,
				C3B8D5BB18AADCCC00DE4B0A /* Foundation.framework in Frameworks */,
			);
			runOnlyForDeploymentPostprocessing = 0;
		};
/* End PBXFrameworksBuildPhase section */

/* Begin PBXGroup section */
		C3B8D58E18AADCCC00DE4B0A = {
			isa = PBXGroup;
			children = (
				C3ED0FE518C935D00014D420 /* Categories */,
				C3ED0FD818C92C490014D420 /* Play */,
				C3B8D5A018AADCCC00DE4B0A /* social-card */,
				C3B8D5BF18AADCCC00DE4B0A /* social-cardTests */,
				C3B8D59918AADCCC00DE4B0A /* Frameworks */,
				C3B8D59818AADCCC00DE4B0A /* Products */,
				BEA7A124E3D84725B5AFA8C3 /* Pods.xcconfig */,
			);
			sourceTree = "<group>";
		};
		C3B8D59818AADCCC00DE4B0A /* Products */ = {
			isa = PBXGroup;
			children = (
				C3B8D59718AADCCC00DE4B0A /* social-card.app */,
				C3B8D5B818AADCCC00DE4B0A /* social-cardTests.xctest */,
			);
			name = Products;
			sourceTree = "<group>";
		};
		C3B8D59918AADCCC00DE4B0A /* Frameworks */ = {
			isa = PBXGroup;
			children = (
				C3AE39FA18E35B4000E9AC5F /* MessageUI.framework */,
				C3AE39F818E3522000E9AC5F /* Crashlytics.framework */,
				C3AE39F518E3511D00E9AC5F /* libz.dylib */,
				C3B8D5D318AAE2A300DE4B0A /* CoreBluetooth.framework */,
				C3B8D59A18AADCCC00DE4B0A /* Foundation.framework */,
				C3B8D59C18AADCCC00DE4B0A /* CoreGraphics.framework */,
				C3B8D59E18AADCCC00DE4B0A /* UIKit.framework */,
				C3B8D5B918AADCCC00DE4B0A /* XCTest.framework */,
				AD24250D0157462BA815E99C /* libPods.a */,
			);
			name = Frameworks;
			sourceTree = "<group>";
		};
		C3B8D5A018AADCCC00DE4B0A /* social-card */ = {
			isa = PBXGroup;
			children = (
				C3B8D5A918AADCCC00DE4B0A /* SCAppDelegate.h */,
				C3B8D5AA18AADCCC00DE4B0A /* SCAppDelegate.m */,
				C3B8D5AC18AADCCC00DE4B0A /* Main.storyboard */,
				C3BE139E18B41B5300206924 /* SCFindPeopleViewController.h */,
				C3BE139F18B41B5300206924 /* SCFindPeopleViewController.m */,
				C32960F818BFF97200091254 /* SCContactInfoViewController.h */,
				C32960F918BFF97200091254 /* SCContactInfoViewController.m */,
				C3B8D5D018AADE0F00DE4B0A /* SCTransfer.h */,
				C3B8D5D118AADE0F00DE4B0A /* SCTransfer.m */,
				C383E31A18B6C1AE001EECDF /* SCPersonCell.h */,
				C383E31B18B6C1AE001EECDF /* SCPersonCell.m */,
				C32960F518BFF80400091254 /* SCNavigationController.h */,
				C32960F618BFF80400091254 /* SCNavigationController.m */,
				C3B8D5B218AADCCC00DE4B0A /* Images.xcassets */,
				C3B8D5A118AADCCC00DE4B0A /* Supporting Files */,
			);
			path = "social-card";
			sourceTree = "<group>";
		};
		C3B8D5A118AADCCC00DE4B0A /* Supporting Files */ = {
			isa = PBXGroup;
			children = (
				C3B8D5A218AADCCC00DE4B0A /* social-card-Info.plist */,
				C3B8D5A318AADCCC00DE4B0A /* InfoPlist.strings */,
				C3B8D5A618AADCCC00DE4B0A /* main.m */,
				C3B8D5A818AADCCC00DE4B0A /* social-card-Prefix.pch */,
			);
			name = "Supporting Files";
			sourceTree = "<group>";
		};
		C3B8D5BF18AADCCC00DE4B0A /* social-cardTests */ = {
			isa = PBXGroup;
			children = (
				C3B8D5C518AADCCC00DE4B0A /* social_cardTests.m */,
				C3B8D5C018AADCCC00DE4B0A /* Supporting Files */,
			);
			path = "social-cardTests";
			sourceTree = "<group>";
		};
		C3B8D5C018AADCCC00DE4B0A /* Supporting Files */ = {
			isa = PBXGroup;
			children = (
				C3B8D5C118AADCCC00DE4B0A /* social-cardTests-Info.plist */,
				C3B8D5C218AADCCC00DE4B0A /* InfoPlist.strings */,
			);
			name = "Supporting Files";
			sourceTree = "<group>";
		};
		C3ED0FD818C92C490014D420 /* Play */ = {
			isa = PBXGroup;
			children = (
				C3ED0FD918C92C490014D420 /* OFL.txt */,
				C3ED0FDA18C92C490014D420 /* Play-Bold.ttf */,
				C3ED0FDB18C92C490014D420 /* Play-Regular.ttf */,
			);
			path = Play;
			sourceTree = "<group>";
		};
		C3ED0FE518C935D00014D420 /* Categories */ = {
			isa = PBXGroup;
			children = (
				C394CFB918D265FF007E4CC5 /* UIImage+Resize.h */,
				C394CFBA18D265FF007E4CC5 /* UIImage+Resize.m */,
				C3ED0FE218C9331D0014D420 /* UIColor+SCColor.h */,
				C3ED0FE318C9331D0014D420 /* UIColor+SCColor.m */,
			);
			name = Categories;
			sourceTree = "<group>";
		};
/* End PBXGroup section */

/* Begin PBXNativeTarget section */
		C3B8D59618AADCCC00DE4B0A /* social-card */ = {
			isa = PBXNativeTarget;
			buildConfigurationList = C3B8D5C918AADCCC00DE4B0A /* Build configuration list for PBXNativeTarget "social-card" */;
			buildPhases = (
				B8B2C4243E4849C0AFEF5C0D /* Check Pods Manifest.lock */,
				C3B8D5CF18AADD1900DE4B0A /* ShellScript */,
				C3B8D59318AADCCC00DE4B0A /* Sources */,
				C3B8D59418AADCCC00DE4B0A /* Frameworks */,
				C3B8D59518AADCCC00DE4B0A /* Resources */,
				8CF7975F74D44F7583511929 /* Copy Pods Resources */,
				C3AE39F718E351E200E9AC5F /* ShellScript */,
			);
			buildRules = (
			);
			dependencies = (
			);
			name = "social-card";
			productName = "social-card";
			productReference = C3B8D59718AADCCC00DE4B0A /* social-card.app */;
			productType = "com.apple.product-type.application";
		};
		C3B8D5B718AADCCC00DE4B0A /* social-cardTests */ = {
			isa = PBXNativeTarget;
			buildConfigurationList = C3B8D5CC18AADCCC00DE4B0A /* Build configuration list for PBXNativeTarget "social-cardTests" */;
			buildPhases = (
				C3B8D5B418AADCCC00DE4B0A /* Sources */,
				C3B8D5B518AADCCC00DE4B0A /* Frameworks */,
				C3B8D5B618AADCCC00DE4B0A /* Resources */,
			);
			buildRules = (
			);
			dependencies = (
				C3B8D5BE18AADCCC00DE4B0A /* PBXTargetDependency */,
			);
			name = "social-cardTests";
			productName = "social-cardTests";
			productReference = C3B8D5B818AADCCC00DE4B0A /* social-cardTests.xctest */;
			productType = "com.apple.product-type.bundle.unit-test";
		};
/* End PBXNativeTarget section */

/* Begin PBXProject section */
		C3B8D58F18AADCCC00DE4B0A /* Project object */ = {
			isa = PBXProject;
			attributes = {
				CLASSPREFIX = SC;
				LastUpgradeCheck = 0500;
				ORGANIZATIONNAME = "Cody Hatfield";
				TargetAttributes = {
					C3B8D59618AADCCC00DE4B0A = {
						DevelopmentTeam = FG737T967B;
					};
					C3B8D5B718AADCCC00DE4B0A = {
						TestTargetID = C3B8D59618AADCCC00DE4B0A;
					};
				};
			};
			buildConfigurationList = C3B8D59218AADCCC00DE4B0A /* Build configuration list for PBXProject "social-card" */;
			compatibilityVersion = "Xcode 3.2";
			developmentRegion = English;
			hasScannedForEncodings = 0;
			knownRegions = (
				en,
				Base,
			);
			mainGroup = C3B8D58E18AADCCC00DE4B0A;
			productRefGroup = C3B8D59818AADCCC00DE4B0A /* Products */;
			projectDirPath = "";
			projectRoot = "";
			targets = (
				C3B8D59618AADCCC00DE4B0A /* social-card */,
				C3B8D5B718AADCCC00DE4B0A /* social-cardTests */,
			);
		};
/* End PBXProject section */

/* Begin PBXResourcesBuildPhase section */
		C3B8D59518AADCCC00DE4B0A /* Resources */ = {
			isa = PBXResourcesBuildPhase;
			buildActionMask = 2147483647;
			files = (
				C3B8D5B318AADCCC00DE4B0A /* Images.xcassets in Resources */,
				C3ED0FDE18C92C490014D420 /* Play-Regular.ttf in Resources */,
				C3ED0FDD18C92C490014D420 /* Play-Bold.ttf in Resources */,
				C3B8D5A518AADCCC00DE4B0A /* InfoPlist.strings in Resources */,
				C3ED0FDC18C92C490014D420 /* OFL.txt in Resources */,
				C3B8D5AE18AADCCC00DE4B0A /* Main.storyboard in Resources */,
			);
			runOnlyForDeploymentPostprocessing = 0;
		};
		C3B8D5B618AADCCC00DE4B0A /* Resources */ = {
			isa = PBXResourcesBuildPhase;
			buildActionMask = 2147483647;
			files = (
				C3B8D5C418AADCCC00DE4B0A /* InfoPlist.strings in Resources */,
			);
			runOnlyForDeploymentPostprocessing = 0;
		};
/* End PBXResourcesBuildPhase section */

/* Begin PBXShellScriptBuildPhase section */
		8CF7975F74D44F7583511929 /* Copy Pods Resources */ = {
			isa = PBXShellScriptBuildPhase;
			buildActionMask = 2147483647;
			files = (
			);
			inputPaths = (
			);
			name = "Copy Pods Resources";
			outputPaths = (
			);
			runOnlyForDeploymentPostprocessing = 0;
			shellPath = /bin/sh;
			shellScript = "\"${SRCROOT}/Pods/Pods-resources.sh\"\n";
			showEnvVarsInLog = 0;
		};
		B8B2C4243E4849C0AFEF5C0D /* Check Pods Manifest.lock */ = {
			isa = PBXShellScriptBuildPhase;
			buildActionMask = 2147483647;
			files = (
			);
			inputPaths = (
			);
			name = "Check Pods Manifest.lock";
			outputPaths = (
			);
			runOnlyForDeploymentPostprocessing = 0;
			shellPath = /bin/sh;
			shellScript = "diff \"${PODS_ROOT}/../Podfile.lock\" \"${PODS_ROOT}/Manifest.lock\" > /dev/null\nif [[ $? != 0 ]] ; then\n    cat << EOM\nerror: The sandbox is not in sync with the Podfile.lock. Run 'pod install' or update your CocoaPods installation.\nEOM\n    exit 1\nfi\n";
			showEnvVarsInLog = 0;
		};
		C3AE39F718E351E200E9AC5F /* ShellScript */ = {
			isa = PBXShellScriptBuildPhase;
			buildActionMask = 2147483647;
			files = (
			);
			inputPaths = (
			);
			outputPaths = (
			);
			runOnlyForDeploymentPostprocessing = 0;
			shellPath = /bin/sh;
			shellScript = "./Crashlytics.framework/run 5fc44a7ce50e8303b0f41c2e0e28c897fb86f2a0 e9e3cccc669e86a7f4ca0e894d48e572e96e015601ed5ff9d9a7a8cdb28f3244";
		};
		C3B8D5CF18AADD1900DE4B0A /* ShellScript */ = {
			isa = PBXShellScriptBuildPhase;
			buildActionMask = 2147483647;
			files = (
			);
			inputPaths = (
			);
			outputPaths = (
			);
			runOnlyForDeploymentPostprocessing = 0;
			shellPath = /bin/sh;
			shellScript = "#Update build number with number of git commits if in release mode\nif [ ${CONFIGURATION} == \"Release\" ]; then\nbuildNumber=$(git rev-list HEAD | wc -l | tr -d ' ')\n/usr/libexec/PlistBuddy -c \"Set :CFBundleVersion $buildNumber\" \"${PROJECT_DIR}/${INFOPLIST_FILE}\"\nfi;";
			showEnvVarsInLog = 0;
		};
/* End PBXShellScriptBuildPhase section */

/* Begin PBXSourcesBuildPhase section */
		C3B8D59318AADCCC00DE4B0A /* Sources */ = {
			isa = PBXSourcesBuildPhase;
			buildActionMask = 2147483647;
			files = (
				C3B8D5AB18AADCCC00DE4B0A /* SCAppDelegate.m in Sources */,
				C3ED0FE418C9331D0014D420 /* UIColor+SCColor.m in Sources */,
				C32960F718BFF80400091254 /* SCNavigationController.m in Sources */,
				C3B8D5D218AADE0F00DE4B0A /* SCTransfer.m in Sources */,
				C3BE13A018B41B5300206924 /* SCFindPeopleViewController.m in Sources */,
				C394CFBB18D265FF007E4CC5 /* UIImage+Resize.m in Sources */,
				C3B8D5A718AADCCC00DE4B0A /* main.m in Sources */,
				C383E31C18B6C1AE001EECDF /* SCPersonCell.m in Sources */,
				C32960FA18BFF97200091254 /* SCContactInfoViewController.m in Sources */,
			);
			runOnlyForDeploymentPostprocessing = 0;
		};
		C3B8D5B418AADCCC00DE4B0A /* Sources */ = {
			isa = PBXSourcesBuildPhase;
			buildActionMask = 2147483647;
			files = (
				C3B8D5C618AADCCC00DE4B0A /* social_cardTests.m in Sources */,
			);
			runOnlyForDeploymentPostprocessing = 0;
		};
/* End PBXSourcesBuildPhase section */

/* Begin PBXTargetDependency section */
		C3B8D5BE18AADCCC00DE4B0A /* PBXTargetDependency */ = {
			isa = PBXTargetDependency;
			target = C3B8D59618AADCCC00DE4B0A /* social-card */;
			targetProxy = C3B8D5BD18AADCCC00DE4B0A /* PBXContainerItemProxy */;
		};
/* End PBXTargetDependency section */

/* Begin PBXVariantGroup section */
		C3B8D5A318AADCCC00DE4B0A /* InfoPlist.strings */ = {
			isa = PBXVariantGroup;
			children = (
				C3B8D5A418AADCCC00DE4B0A /* en */,
			);
			name = InfoPlist.strings;
			sourceTree = "<group>";
		};
		C3B8D5AC18AADCCC00DE4B0A /* Main.storyboard */ = {
			isa = PBXVariantGroup;
			children = (
				C3B8D5AD18AADCCC00DE4B0A /* Base */,
			);
			name = Main.storyboard;
			sourceTree = "<group>";
		};
		C3B8D5C218AADCCC00DE4B0A /* InfoPlist.strings */ = {
			isa = PBXVariantGroup;
			children = (
				C3B8D5C318AADCCC00DE4B0A /* en */,
			);
			name = InfoPlist.strings;
			sourceTree = "<group>";
		};
/* End PBXVariantGroup section */

/* Begin XCBuildConfiguration section */
		C3B8D5C718AADCCC00DE4B0A /* Debug */ = {
			isa = XCBuildConfiguration;
			buildSettings = {
				ALWAYS_SEARCH_USER_PATHS = NO;
				ARCHS = "$(ARCHS_STANDARD_INCLUDING_64_BIT)";
				CLANG_CXX_LANGUAGE_STANDARD = "gnu++0x";
				CLANG_CXX_LIBRARY = "libc++";
				CLANG_ENABLE_MODULES = YES;
				CLANG_ENABLE_OBJC_ARC = YES;
				CLANG_WARN_BOOL_CONVERSION = YES;
				CLANG_WARN_CONSTANT_CONVERSION = YES;
				CLANG_WARN_DIRECT_OBJC_ISA_USAGE = YES_ERROR;
				CLANG_WARN_EMPTY_BODY = YES;
				CLANG_WARN_ENUM_CONVERSION = YES;
				CLANG_WARN_INT_CONVERSION = YES;
				CLANG_WARN_OBJC_ROOT_CLASS = YES_ERROR;
				CLANG_WARN__DUPLICATE_METHOD_MATCH = YES;
				"CODE_SIGN_IDENTITY[sdk=iphoneos*]" = "iPhone Developer";
				COPY_PHASE_STRIP = NO;
				GCC_C_LANGUAGE_STANDARD = gnu99;
				GCC_DYNAMIC_NO_PIC = NO;
				GCC_OPTIMIZATION_LEVEL = 0;
				GCC_PREPROCESSOR_DEFINITIONS = (
					"DEBUG=1",
					"$(inherited)",
				);
				GCC_SYMBOLS_PRIVATE_EXTERN = NO;
				GCC_WARN_64_TO_32_BIT_CONVERSION = YES;
				GCC_WARN_ABOUT_RETURN_TYPE = YES_ERROR;
				GCC_WARN_UNDECLARED_SELECTOR = YES;
				GCC_WARN_UNINITIALIZED_AUTOS = YES;
				GCC_WARN_UNUSED_FUNCTION = YES;
				GCC_WARN_UNUSED_VARIABLE = YES;
				IPHONEOS_DEPLOYMENT_TARGET = 7.0;
				ONLY_ACTIVE_ARCH = YES;
				SDKROOT = iphoneos;
			};
			name = Debug;
		};
		C3B8D5C818AADCCC00DE4B0A /* Release */ = {
			isa = XCBuildConfiguration;
			buildSettings = {
				ALWAYS_SEARCH_USER_PATHS = NO;
				ARCHS = "$(ARCHS_STANDARD_INCLUDING_64_BIT)";
				CLANG_CXX_LANGUAGE_STANDARD = "gnu++0x";
				CLANG_CXX_LIBRARY = "libc++";
				CLANG_ENABLE_MODULES = YES;
				CLANG_ENABLE_OBJC_ARC = YES;
				CLANG_WARN_BOOL_CONVERSION = YES;
				CLANG_WARN_CONSTANT_CONVERSION = YES;
				CLANG_WARN_DIRECT_OBJC_ISA_USAGE = YES_ERROR;
				CLANG_WARN_EMPTY_BODY = YES;
				CLANG_WARN_ENUM_CONVERSION = YES;
				CLANG_WARN_INT_CONVERSION = YES;
				CLANG_WARN_OBJC_ROOT_CLASS = YES_ERROR;
				CLANG_WARN__DUPLICATE_METHOD_MATCH = YES;
				"CODE_SIGN_IDENTITY[sdk=iphoneos*]" = "iPhone Developer";
				COPY_PHASE_STRIP = YES;
				ENABLE_NS_ASSERTIONS = NO;
				GCC_C_LANGUAGE_STANDARD = gnu99;
				GCC_WARN_64_TO_32_BIT_CONVERSION = YES;
				GCC_WARN_ABOUT_RETURN_TYPE = YES_ERROR;
				GCC_WARN_UNDECLARED_SELECTOR = YES;
				GCC_WARN_UNINITIALIZED_AUTOS = YES;
				GCC_WARN_UNUSED_FUNCTION = YES;
				GCC_WARN_UNUSED_VARIABLE = YES;
				IPHONEOS_DEPLOYMENT_TARGET = 7.0;
				SDKROOT = iphoneos;
				VALIDATE_PRODUCT = YES;
			};
			name = Release;
		};
		C3B8D5CA18AADCCC00DE4B0A /* Debug */ = {
			isa = XCBuildConfiguration;
			baseConfigurationReference = BEA7A124E3D84725B5AFA8C3 /* Pods.xcconfig */;
			buildSettings = {
				ASSETCATALOG_COMPILER_APPICON_NAME = AppIcon;
				ASSETCATALOG_COMPILER_LAUNCHIMAGE_NAME = LaunchImage;
				CODE_SIGN_IDENTITY = "iPhone Developer";
				"CODE_SIGN_IDENTITY[sdk=iphoneos*]" = "iPhone Developer";
				FRAMEWORK_SEARCH_PATHS = (
					"$(inherited)",
					"$(PROJECT_DIR)",
				);
				GCC_PRECOMPILE_PREFIX_HEADER = YES;
				GCC_PREFIX_HEADER = "social-card/social-card-Prefix.pch";
				INFOPLIST_FILE = "social-card/social-card-Info.plist";
				LIBRARY_SEARCH_PATHS = (
					"$(inherited)",
					"$(PROJECT_DIR)/TestFlightSDK3.0.0",
				);
				PRODUCT_NAME = "$(TARGET_NAME)";
				PROVISIONING_PROFILE = "F4483A02-1B7E-4D24-A597-DECDAC1BE5F1";
				WRAPPER_EXTENSION = app;
			};
			name = Debug;
		};
		C3B8D5CB18AADCCC00DE4B0A /* Release */ = {
			isa = XCBuildConfiguration;
			baseConfigurationReference = BEA7A124E3D84725B5AFA8C3 /* Pods.xcconfig */;
			buildSettings = {
				ASSETCATALOG_COMPILER_APPICON_NAME = AppIcon;
				ASSETCATALOG_COMPILER_LAUNCHIMAGE_NAME = LaunchImage;
				CODE_SIGN_IDENTITY = "iPhone Developer";
				"CODE_SIGN_IDENTITY[sdk=iphoneos*]" = "iPhone Developer";
				FRAMEWORK_SEARCH_PATHS = (
					"$(inherited)",
					"$(PROJECT_DIR)",
				);
				GCC_PRECOMPILE_PREFIX_HEADER = YES;
				GCC_PREFIX_HEADER = "social-card/social-card-Prefix.pch";
				INFOPLIST_FILE = "social-card/social-card-Info.plist";
				LIBRARY_SEARCH_PATHS = (
					"$(inherited)",
					"$(PROJECT_DIR)/TestFlightSDK3.0.0",
				);
				PRODUCT_NAME = "$(TARGET_NAME)";
				PROVISIONING_PROFILE = "F4483A02-1B7E-4D24-A597-DECDAC1BE5F1";
				WRAPPER_EXTENSION = app;
			};
			name = Release;
		};
		C3B8D5CD18AADCCC00DE4B0A /* Debug */ = {
			isa = XCBuildConfiguration;
			buildSettings = {
				ARCHS = "$(ARCHS_STANDARD_INCLUDING_64_BIT)";
				BUNDLE_LOADER = "$(BUILT_PRODUCTS_DIR)/social-card.app/social-card";
				FRAMEWORK_SEARCH_PATHS = (
					"$(SDKROOT)/Developer/Library/Frameworks",
					"$(inherited)",
					"$(DEVELOPER_FRAMEWORKS_DIR)",
				);
				GCC_PRECOMPILE_PREFIX_HEADER = YES;
				GCC_PREFIX_HEADER = "social-card/social-card-Prefix.pch";
				GCC_PREPROCESSOR_DEFINITIONS = (
					"DEBUG=1",
					"$(inherited)",
				);
				INFOPLIST_FILE = "social-cardTests/social-cardTests-Info.plist";
				PRODUCT_NAME = "$(TARGET_NAME)";
				TEST_HOST = "$(BUNDLE_LOADER)";
				WRAPPER_EXTENSION = xctest;
			};
			name = Debug;
		};
		C3B8D5CE18AADCCC00DE4B0A /* Release */ = {
			isa = XCBuildConfiguration;
			buildSettings = {
				ARCHS = "$(ARCHS_STANDARD_INCLUDING_64_BIT)";
				BUNDLE_LOADER = "$(BUILT_PRODUCTS_DIR)/social-card.app/social-card";
				FRAMEWORK_SEARCH_PATHS = (
					"$(SDKROOT)/Developer/Library/Frameworks",
					"$(inherited)",
					"$(DEVELOPER_FRAMEWORKS_DIR)",
				);
				GCC_PRECOMPILE_PREFIX_HEADER = YES;
				GCC_PREFIX_HEADER = "social-card/social-card-Prefix.pch";
				INFOPLIST_FILE = "social-cardTests/social-cardTests-Info.plist";
				PRODUCT_NAME = "$(TARGET_NAME)";
				TEST_HOST = "$(BUNDLE_LOADER)";
				WRAPPER_EXTENSION = xctest;
			};
			name = Release;
		};
/* End XCBuildConfiguration section */

/* Begin XCConfigurationList section */
		C3B8D59218AADCCC00DE4B0A /* Build configuration list for PBXProject "social-card" */ = {
			isa = XCConfigurationList;
			buildConfigurations = (
				C3B8D5C718AADCCC00DE4B0A /* Debug */,
				C3B8D5C818AADCCC00DE4B0A /* Release */,
			);
			defaultConfigurationIsVisible = 0;
			defaultConfigurationName = Release;
		};
		C3B8D5C918AADCCC00DE4B0A /* Build configuration list for PBXNativeTarget "social-card" */ = {
			isa = XCConfigurationList;
			buildConfigurations = (
				C3B8D5CA18AADCCC00DE4B0A /* Debug */,
				C3B8D5CB18AADCCC00DE4B0A /* Release */,
			);
			defaultConfigurationIsVisible = 0;
			defaultConfigurationName = Release;
		};
		C3B8D5CC18AADCCC00DE4B0A /* Build configuration list for PBXNativeTarget "social-cardTests" */ = {
			isa = XCConfigurationList;
			buildConfigurations = (
				C3B8D5CD18AADCCC00DE4B0A /* Debug */,
				C3B8D5CE18AADCCC00DE4B0A /* Release */,
			);
			defaultConfigurationIsVisible = 0;
			defaultConfigurationName = Release;
		};
/* End XCConfigurationList section */
	};
	rootObject = C3B8D58F18AADCCC00DE4B0A /* Project object */;
}
